
Microsoft Visual Studio Solution File, Format Version 12.00
# Visual Studio Version 17
VisualStudioVersion = 17.14.36414.22 d17.14
MinimumVisualStudioVersion = 10.0.40219.1
Project("{FAE04EC0-301F-11D3-BF4B-00C04F79EFBC}") = "Lab_rab_5_Husainova_R.Z._BPI-23-02", "Lab_rab_5_Husainova_R.Z._BPI-23-02\Lab_rab_5_Husainova_R.Z._BPI-23-02.csproj", "{90D1F4BB-A93B-40CA-AE3A-F5031F032687}"
EndProject
Global
	GlobalSection(SolutionConfigurationPlatforms) = preSolution
		Debug|Any CPU = Debug|Any CPU
		Release|Any CPU = Release|Any CPU
	EndGlobalSection
	GlobalSection(ProjectConfigurationPlatforms) = postSolution
		{90D1F4BB-A93B-40CA-AE3A-F5031F032687}.Debug|Any CPU.ActiveCfg = Debug|Any CPU
		{90D1F4BB-A93B-40CA-AE3A-F5031F032687}.Debug|Any CPU.Build.0 = Debug|Any CPU
		{90D1F4BB-A93B-40CA-AE3A-F5031F032687}.Release|Any CPU.ActiveCfg = Release|Any CPU
		{90D1F4BB-A93B-40CA-AE3A-F5031F032687}.Release|Any CPU.Build.0 = Release|Any CPU
	EndGlobalSection
	GlobalSection(SolutionProperties) = preSolution
		HideSolutionNode = FALSE
	EndGlobalSection
	GlobalSection(ExtensibilityGlobals) = postSolution
		SolutionGuid = {E04BBB36-9F6E-4478-A969-218DFE699F05}
	EndGlobalSection
EndGlobal
